
Microsoft Visual Studio Solution File, Format Version 12.00
# Visual Studio Version 17
VisualStudioVersion = 17.0.31912.275
MinimumVisualStudioVersion = 10.0.40219.1
Project("{9A19103F-16F7-4668-BE54-9A1E7A4F7556}") = "ChainOfResponsibility", "ChainOfResponsibility\ChainOfResponsibility.csproj", "{04201536-BBE3-4040-A603-C9C91EE1DFC4}"
EndProject
Project("{FAE04EC0-301F-11D3-BF4B-00C04F79EFBC}") = "Facade", "Facade\Facade.csproj", "{365C5F8C-D740-4F7E-99AE-6C28039B532A}"
EndProject
Global
	GlobalSection(SolutionConfigurationPlatforms) = preSolution
		Debug|Any CPU = Debug|Any CPU
		Release|Any CPU = Release|Any CPU
	EndGlobalSection
	GlobalSection(ProjectConfigurationPlatforms) = postSolution
		{04201536-BBE3-4040-A603-C9C91EE1DFC4}.Debug|Any CPU.ActiveCfg = Debug|Any CPU
		{04201536-BBE3-4040-A603-C9C91EE1DFC4}.Debug|Any CPU.Build.0 = Debug|Any CPU
		{04201536-BBE3-4040-A603-C9C91EE1DFC4}.Release|Any CPU.ActiveCfg = Release|Any CPU
		{04201536-BBE3-4040-A603-C9C91EE1DFC4}.Release|Any CPU.Build.0 = Release|Any CPU
		{365C5F8C-D740-4F7E-99AE-6C28039B532A}.Debug|Any CPU.ActiveCfg = Debug|Any CPU
		{365C5F8C-D740-4F7E-99AE-6C28039B532A}.Debug|Any CPU.Build.0 = Debug|Any CPU
		{365C5F8C-D740-4F7E-99AE-6C28039B532A}.Release|Any CPU.ActiveCfg = Release|Any CPU
		{365C5F8C-D740-4F7E-99AE-6C28039B532A}.Release|Any CPU.Build.0 = Release|Any CPU
	EndGlobalSection
	GlobalSection(SolutionProperties) = preSolution
		HideSolutionNode = FALSE
	EndGlobalSection
	GlobalSection(ExtensibilityGlobals) = postSolution
		SolutionGuid = {2D17E16E-8B95-4173-A38B-19F10046CAB3}
	EndGlobalSection
EndGlobal
